{
    "version": 3,
    "terraform_version": "0.11.3",
    "serial": 102,
    "lineage": "d952697e-677f-4d74-9b73-f970c25019e3",
    "modules": [
        {
            "path": [
                "root"
            ],
            "outputs": {
                "haproxy_fip": {
                    "sensitive": false,
                    "type": "string",
                    "value": "65.49.27.52"
                },
                "network_name": {
                    "sensitive": false,
                    "type": "string",
                    "value": "test_target_1"
                },
                "web1_address": {
                    "sensitive": false,
                    "type": "string",
                    "value": "10.200.200.6"
                },
                "web2_address": {
                    "sensitive": false,
                    "type": "string",
                    "value": "10.200.200.4"
                }
            },
            "resources": {
                "openstack_compute_floatingip_associate_v2.assoc-haproxy-01-fip": {
                    "type": "openstack_compute_floatingip_associate_v2",
                    "depends_on": [
                        "openstack_compute_instance_v2.haproxy-01",
                        "openstack_networking_floatingip_v2.haproxy-01-fip"
                    ],
                    "primary": {
                        "id": "65.49.27.52/306370a4-4ac7-4456-bb16-100a33518d2f/",
                        "attributes": {
                            "fixed_ip": "",
                            "floating_ip": "65.49.27.52",
                            "id": "65.49.27.52/306370a4-4ac7-4456-bb16-100a33518d2f/",
                            "instance_id": "306370a4-4ac7-4456-bb16-100a33518d2f",
                            "region": ""
                        },
                        "meta": {},
                        "tainted": false
                    },
                    "deposed": [],
                    "provider": "provider.openstack"
                },
                "openstack_compute_instance_v2.haproxy-01": {
                    "type": "openstack_compute_instance_v2",
                    "depends_on": [
                        "openstack_networking_network_v2.test_target_network"
                    ],
                    "primary": {
                        "id": "306370a4-4ac7-4456-bb16-100a33518d2f",
                        "attributes": {
                            "access_ip_v4": "10.200.200.5",
                            "access_ip_v6": "",
                            "all_metadata.%": "0",
                            "availability_zone": "Zone2",
                            "flavor_id": "c4c61d6d-0e7f-4b77-bca8-93555f910527",
                            "flavor_name": "small desktop for windows",
                            "force_delete": "false",
                            "id": "306370a4-4ac7-4456-bb16-100a33518d2f",
                            "image_id": "a21363f4-2cb5-4d02-85e5-8c392bd61eef",
                            "image_name": "Ubuntu 16.04",
                            "key_pair": "gsb-rbg-openstack-standard",
                            "name": "haproxy-01-test",
                            "network.#": "1",
                            "network.0.access_network": "false",
                            "network.0.fixed_ip_v4": "10.200.200.5",
                            "network.0.fixed_ip_v6": "",
                            "network.0.floating_ip": "",
                            "network.0.mac": "fa:16:3e:e5:f7:7d",
                            "network.0.name": "test_target_1",
                            "network.0.port": "",
                            "network.0.uuid": "32600a93-0df7-45e2-8250-902f571948cb",
                            "region": "",
                            "security_groups.#": "1",
                            "security_groups.3814588639": "default",
                            "stop_before_destroy": "false",
                            "user_data": "03b8dc78071ca553196e7c0321a62088572ef0a1"
                        },
                        "meta": {
                            "e2bfb730-ecaa-11e6-8f88-34363bc7c4c0": {
                                "create": 1800000000000,
                                "delete": 1800000000000,
                                "update": 1800000000000
                            }
                        },
                        "tainted": false
                    },
                    "deposed": [],
                    "provider": "provider.openstack"
                },
                "openstack_compute_instance_v2.web-01": {
                    "type": "openstack_compute_instance_v2",
                    "depends_on": [
                        "openstack_networking_network_v2.test_target_network"
                    ],
                    "primary": {
                        "id": "47c73d41-82e4-435c-940b-1b70ab2d6fbb",
                        "attributes": {
                            "access_ip_v4": "10.200.200.6",
                            "access_ip_v6": "",
                            "all_metadata.%": "0",
                            "availability_zone": "Zone2",
                            "flavor_id": "417a03d7-df62-47c4-8905-9078813733b7",
                            "flavor_name": "m1.large",
                            "force_delete": "false",
                            "id": "47c73d41-82e4-435c-940b-1b70ab2d6fbb",
                            "image_id": "a21363f4-2cb5-4d02-85e5-8c392bd61eef",
                            "image_name": "Ubuntu 16.04",
                            "key_pair": "gsb-rbg-openstack-standard",
                            "name": "web-01",
                            "network.#": "1",
                            "network.0.access_network": "false",
                            "network.0.fixed_ip_v4": "10.200.200.6",
                            "network.0.fixed_ip_v6": "",
                            "network.0.floating_ip": "",
                            "network.0.mac": "fa:16:3e:e4:38:3f",
                            "network.0.name": "test_target_1",
                            "network.0.port": "",
                            "network.0.uuid": "32600a93-0df7-45e2-8250-902f571948cb",
                            "region": "",
                            "security_groups.#": "1",
                            "security_groups.3814588639": "default",
                            "stop_before_destroy": "false",
                            "user_data": "913a3cc7a95c4050ed40d4972a9d45366a99d0f4"
                        },
                        "meta": {
                            "e2bfb730-ecaa-11e6-8f88-34363bc7c4c0": {
                                "create": 1800000000000,
                                "delete": 1800000000000,
                                "update": 1800000000000
                            }
                        },
                        "tainted": false
                    },
                    "deposed": [],
                    "provider": "provider.openstack"
                },
                "openstack_compute_instance_v2.web-02": {
                    "type": "openstack_compute_instance_v2",
                    "depends_on": [
                        "openstack_networking_network_v2.test_target_network"
                    ],
                    "primary": {
                        "id": "f5f7fb08-641b-46d2-80c8-2b4e5fdef767",
                        "attributes": {
                            "access_ip_v4": "10.200.200.4",
                            "access_ip_v6": "",
                            "all_metadata.%": "0",
                            "availability_zone": "Zone2",
                            "flavor_id": "417a03d7-df62-47c4-8905-9078813733b7",
                            "flavor_name": "m1.large",
                            "force_delete": "false",
                            "id": "f5f7fb08-641b-46d2-80c8-2b4e5fdef767",
                            "image_id": "a21363f4-2cb5-4d02-85e5-8c392bd61eef",
                            "image_name": "Ubuntu 16.04",
                            "key_pair": "gsb-rbg-openstack-standard",
                            "name": "web-02",
                            "network.#": "1",
                            "network.0.access_network": "false",
                            "network.0.fixed_ip_v4": "10.200.200.4",
                            "network.0.fixed_ip_v6": "",
                            "network.0.floating_ip": "",
                            "network.0.mac": "fa:16:3e:d6:55:57",
                            "network.0.name": "test_target_1",
                            "network.0.port": "",
                            "network.0.uuid": "32600a93-0df7-45e2-8250-902f571948cb",
                            "region": "",
                            "security_groups.#": "1",
                            "security_groups.3814588639": "default",
                            "stop_before_destroy": "false",
                            "user_data": "913a3cc7a95c4050ed40d4972a9d45366a99d0f4"
                        },
                        "meta": {
                            "e2bfb730-ecaa-11e6-8f88-34363bc7c4c0": {
                                "create": 1800000000000,
                                "delete": 1800000000000,
                                "update": 1800000000000
                            }
                        },
                        "tainted": false
                    },
                    "deposed": [],
                    "provider": "provider.openstack"
                },
                "openstack_networking_floatingip_v2.haproxy-01-fip": {
                    "type": "openstack_networking_floatingip_v2",
                    "depends_on": [],
                    "primary": {
                        "id": "4a21357e-685c-4517-94dc-dbbe42bcc04c",
                        "attributes": {
                            "address": "65.49.27.52",
                            "fixed_ip": "",
                            "id": "4a21357e-685c-4517-94dc-dbbe42bcc04c",
                            "pool": "public_network",
                            "port_id": "",
                            "region": "",
                            "tenant_id": "7282383c72a4467180130548b71d9b2b"
                        },
                        "meta": {
                            "e2bfb730-ecaa-11e6-8f88-34363bc7c4c0": {
                                "create": 600000000000,
                                "delete": 600000000000
                            }
                        },
                        "tainted": false
                    },
                    "deposed": [],
                    "provider": "provider.openstack"
                },
                "openstack_networking_network_v2.test_target_network": {
                    "type": "openstack_networking_network_v2",
                    "depends_on": [],
                    "primary": {
                        "id": "32600a93-0df7-45e2-8250-902f571948cb",
                        "attributes": {
                            "admin_state_up": "true",
                            "availability_zone_hints.#": "0",
                            "id": "32600a93-0df7-45e2-8250-902f571948cb",
                            "name": "test_target_1",
                            "region": "",
                            "shared": "false",
                            "tenant_id": "7282383c72a4467180130548b71d9b2b"
                        },
                        "meta": {
                            "e2bfb730-ecaa-11e6-8f88-34363bc7c4c0": {
                                "create": 600000000000,
                                "delete": 600000000000
                            }
                        },
                        "tainted": false
                    },
                    "deposed": [],
                    "provider": "provider.openstack"
                },
                "openstack_networking_router_interface_v2.router1_interface_1": {
                    "type": "openstack_networking_router_interface_v2",
                    "depends_on": [
                        "openstack_networking_router_v2.router_1",
                        "openstack_networking_subnet_v2.subnet_1"
                    ],
                    "primary": {
                        "id": "c5a84fb8-58ca-43c2-89bc-3e0a89dfa30f",
                        "attributes": {
                            "id": "c5a84fb8-58ca-43c2-89bc-3e0a89dfa30f",
                            "port_id": "c5a84fb8-58ca-43c2-89bc-3e0a89dfa30f",
                            "region": "",
                            "router_id": "03ab13f1-6e79-4972-b3fe-74a188441e9d",
                            "subnet_id": "bbedf226-bc9d-4d10-95bb-0d471acad424"
                        },
                        "meta": {
                            "e2bfb730-ecaa-11e6-8f88-34363bc7c4c0": {
                                "create": 600000000000,
                                "delete": 600000000000
                            }
                        },
                        "tainted": false
                    },
                    "deposed": [],
                    "provider": "provider.openstack"
                },
                "openstack_networking_router_v2.router_1": {
                    "type": "openstack_networking_router_v2",
                    "depends_on": [],
                    "primary": {
                        "id": "03ab13f1-6e79-4972-b3fe-74a188441e9d",
                        "attributes": {
                            "admin_state_up": "true",
                            "availability_zone_hints.#": "0",
                            "distributed": "false",
                            "enable_snat": "true",
                            "external_fixed_ip.#": "1",
                            "external_fixed_ip.0.ip_address": "65.49.27.55",
                            "external_fixed_ip.0.subnet_id": "0ac76170-303a-4625-83c9-f917107b00fa",
                            "external_gateway": "4d43fe7b-664f-4fb0-874d-6d768c778c5d",
                            "external_network_id": "4d43fe7b-664f-4fb0-874d-6d768c778c5d",
                            "id": "03ab13f1-6e79-4972-b3fe-74a188441e9d",
                            "name": "test_target_network_router",
                            "region": "",
                            "tenant_id": "7282383c72a4467180130548b71d9b2b"
                        },
                        "meta": {
                            "e2bfb730-ecaa-11e6-8f88-34363bc7c4c0": {
                                "create": 600000000000,
                                "delete": 600000000000
                            }
                        },
                        "tainted": false
                    },
                    "deposed": [],
                    "provider": "provider.openstack"
                },
                "openstack_networking_subnet_v2.subnet_1": {
                    "type": "openstack_networking_subnet_v2",
                    "depends_on": [
                        "openstack_networking_network_v2.test_target_network"
                    ],
                    "primary": {
                        "id": "bbedf226-bc9d-4d10-95bb-0d471acad424",
                        "attributes": {
                            "allocation_pools.#": "1",
                            "allocation_pools.0.end": "10.200.200.254",
                            "allocation_pools.0.start": "10.200.200.2",
                            "cidr": "10.200.200.0/24",
                            "dns_nameservers.#": "2",
                            "dns_nameservers.0": "8.8.8.8",
                            "dns_nameservers.1": "8.8.4.4",
                            "enable_dhcp": "true",
                            "gateway_ip": "10.200.200.1",
                            "host_routes.#": "0",
                            "id": "bbedf226-bc9d-4d10-95bb-0d471acad424",
                            "ip_version": "4",
                            "ipv6_address_mode": "",
                            "ipv6_ra_mode": "",
                            "name": "test_subnet_1",
                            "network_id": "32600a93-0df7-45e2-8250-902f571948cb",
                            "no_gateway": "false",
                            "region": "",
                            "subnetpool_id": "",
                            "tenant_id": "7282383c72a4467180130548b71d9b2b"
                        },
                        "meta": {
                            "e2bfb730-ecaa-11e6-8f88-34363bc7c4c0": {
                                "create": 600000000000,
                                "delete": 600000000000
                            }
                        },
                        "tainted": false
                    },
                    "deposed": [],
                    "provider": "provider.openstack"
                }
            },
            "depends_on": []
        }
    ]
}
