{
    "version": 3,
    "terraform_version": "0.11.3",
    "serial": 20,
    "lineage": "d952697e-677f-4d74-9b73-f970c25019e3",
    "modules": [
        {
            "path": [
                "root"
            ],
            "outputs": {
                "haproxy_fip": {
                    "sensitive": false,
                    "type": "string",
                    "value": "64.71.151.115"
                },
                "network_name": {
                    "sensitive": false,
                    "type": "string",
                    "value": "test_target_1"
                },
                "web1_address": {
                    "sensitive": false,
                    "type": "string",
                    "value": "10.200.200.5"
                },
                "web2_address": {
                    "sensitive": false,
                    "type": "string",
                    "value": "10.200.200.6"
                }
            },
            "resources": {
                "openstack_compute_floatingip_associate_v2.assoc-haproxy-01-fip": {
                    "type": "openstack_compute_floatingip_associate_v2",
                    "depends_on": [
                        "openstack_compute_instance_v2.haproxy-01",
                        "openstack_networking_floatingip_v2.haproxy-01-fip"
                    ],
                    "primary": {
                        "id": "64.71.151.115/8760ab22-7235-42dd-9829-2d379aeec21f/",
                        "attributes": {
                            "fixed_ip": "",
                            "floating_ip": "64.71.151.115",
                            "id": "64.71.151.115/8760ab22-7235-42dd-9829-2d379aeec21f/",
                            "instance_id": "8760ab22-7235-42dd-9829-2d379aeec21f",
                            "region": ""
                        },
                        "meta": {},
                        "tainted": false
                    },
                    "deposed": [],
                    "provider": "provider.openstack"
                },
                "openstack_compute_instance_v2.haproxy-01": {
                    "type": "openstack_compute_instance_v2",
                    "depends_on": [
                        "openstack_networking_network_v2.test_target_network"
                    ],
                    "primary": {
                        "id": "8760ab22-7235-42dd-9829-2d379aeec21f",
                        "attributes": {
                            "access_ip_v4": "10.200.200.4",
                            "access_ip_v6": "",
                            "all_metadata.%": "0",
                            "availability_zone": "Zone2",
                            "flavor_id": "c4c61d6d-0e7f-4b77-bca8-93555f910527",
                            "flavor_name": "small desktop for windows",
                            "force_delete": "false",
                            "id": "8760ab22-7235-42dd-9829-2d379aeec21f",
                            "image_id": "a21363f4-2cb5-4d02-85e5-8c392bd61eef",
                            "image_name": "Ubuntu 16.04",
                            "key_pair": "gsb-rbg-openstack-standard",
                            "name": "haproxy-01-test",
                            "network.#": "1",
                            "network.0.access_network": "false",
                            "network.0.fixed_ip_v4": "10.200.200.4",
                            "network.0.fixed_ip_v6": "",
                            "network.0.floating_ip": "",
                            "network.0.mac": "fa:16:3e:d0:f7:b0",
                            "network.0.name": "test_target_1",
                            "network.0.port": "",
                            "network.0.uuid": "74daa4e8-8b13-457f-a4e4-f0930271753e",
                            "region": "",
                            "security_groups.#": "1",
                            "security_groups.3814588639": "default",
                            "stop_before_destroy": "false",
                            "user_data": "03b8dc78071ca553196e7c0321a62088572ef0a1"
                        },
                        "meta": {
                            "e2bfb730-ecaa-11e6-8f88-34363bc7c4c0": {
                                "create": 1800000000000,
                                "delete": 1800000000000,
                                "update": 1800000000000
                            }
                        },
                        "tainted": false
                    },
                    "deposed": [],
                    "provider": "provider.openstack"
                },
                "openstack_compute_instance_v2.web-01": {
                    "type": "openstack_compute_instance_v2",
                    "depends_on": [
                        "openstack_networking_network_v2.test_target_network"
                    ],
                    "primary": {
                        "id": "1b85caf8-1a5c-437e-8bbf-b68df4578e06",
                        "attributes": {
                            "access_ip_v4": "10.200.200.5",
                            "access_ip_v6": "",
                            "all_metadata.%": "0",
                            "availability_zone": "private",
                            "flavor_id": "417a03d7-df62-47c4-8905-9078813733b7",
                            "flavor_name": "m1.large",
                            "force_delete": "false",
                            "id": "1b85caf8-1a5c-437e-8bbf-b68df4578e06",
                            "image_id": "a21363f4-2cb5-4d02-85e5-8c392bd61eef",
                            "image_name": "Ubuntu 16.04",
                            "key_pair": "gsb-rbg-openstack-standard",
                            "name": "web-01",
                            "network.#": "1",
                            "network.0.access_network": "false",
                            "network.0.fixed_ip_v4": "10.200.200.5",
                            "network.0.fixed_ip_v6": "",
                            "network.0.floating_ip": "",
                            "network.0.mac": "fa:16:3e:08:a1:e5",
                            "network.0.name": "test_target_1",
                            "network.0.port": "",
                            "network.0.uuid": "74daa4e8-8b13-457f-a4e4-f0930271753e",
                            "region": "",
                            "security_groups.#": "1",
                            "security_groups.3814588639": "default",
                            "stop_before_destroy": "false",
                            "user_data": "913a3cc7a95c4050ed40d4972a9d45366a99d0f4"
                        },
                        "meta": {
                            "e2bfb730-ecaa-11e6-8f88-34363bc7c4c0": {
                                "create": 1800000000000,
                                "delete": 1800000000000,
                                "update": 1800000000000
                            }
                        },
                        "tainted": false
                    },
                    "deposed": [],
                    "provider": "provider.openstack"
                },
                "openstack_compute_instance_v2.web-02": {
                    "type": "openstack_compute_instance_v2",
                    "depends_on": [
                        "openstack_networking_network_v2.test_target_network"
                    ],
                    "primary": {
                        "id": "d2456c84-12d5-4b1e-857d-fb7ef742a1e3",
                        "attributes": {
                            "access_ip_v4": "10.200.200.6",
                            "access_ip_v6": "",
                            "all_metadata.%": "0",
                            "availability_zone": "private",
                            "flavor_id": "417a03d7-df62-47c4-8905-9078813733b7",
                            "flavor_name": "m1.large",
                            "force_delete": "false",
                            "id": "d2456c84-12d5-4b1e-857d-fb7ef742a1e3",
                            "image_id": "a21363f4-2cb5-4d02-85e5-8c392bd61eef",
                            "image_name": "Ubuntu 16.04",
                            "key_pair": "gsb-rbg-openstack-standard",
                            "name": "web-02",
                            "network.#": "1",
                            "network.0.access_network": "false",
                            "network.0.fixed_ip_v4": "10.200.200.6",
                            "network.0.fixed_ip_v6": "",
                            "network.0.floating_ip": "",
                            "network.0.mac": "fa:16:3e:1e:2b:fe",
                            "network.0.name": "test_target_1",
                            "network.0.port": "",
                            "network.0.uuid": "74daa4e8-8b13-457f-a4e4-f0930271753e",
                            "region": "",
                            "security_groups.#": "1",
                            "security_groups.3814588639": "default",
                            "stop_before_destroy": "false",
                            "user_data": "913a3cc7a95c4050ed40d4972a9d45366a99d0f4"
                        },
                        "meta": {
                            "e2bfb730-ecaa-11e6-8f88-34363bc7c4c0": {
                                "create": 1800000000000,
                                "delete": 1800000000000,
                                "update": 1800000000000
                            }
                        },
                        "tainted": false
                    },
                    "deposed": [],
                    "provider": "provider.openstack"
                },
                "openstack_networking_floatingip_v2.haproxy-01-fip": {
                    "type": "openstack_networking_floatingip_v2",
                    "depends_on": [],
                    "primary": {
                        "id": "c5406fee-9573-4916-bbc4-2ec1767832a3",
                        "attributes": {
                            "address": "64.71.151.115",
                            "fixed_ip": "",
                            "id": "c5406fee-9573-4916-bbc4-2ec1767832a3",
                            "pool": "public_network",
                            "port_id": "",
                            "region": "",
                            "tenant_id": "7282383c72a4467180130548b71d9b2b"
                        },
                        "meta": {
                            "e2bfb730-ecaa-11e6-8f88-34363bc7c4c0": {
                                "create": 600000000000,
                                "delete": 600000000000
                            }
                        },
                        "tainted": false
                    },
                    "deposed": [],
                    "provider": "provider.openstack"
                },
                "openstack_networking_network_v2.test_target_network": {
                    "type": "openstack_networking_network_v2",
                    "depends_on": [],
                    "primary": {
                        "id": "74daa4e8-8b13-457f-a4e4-f0930271753e",
                        "attributes": {
                            "admin_state_up": "true",
                            "availability_zone_hints.#": "0",
                            "id": "74daa4e8-8b13-457f-a4e4-f0930271753e",
                            "name": "test_target_1",
                            "region": "",
                            "shared": "false",
                            "tenant_id": "7282383c72a4467180130548b71d9b2b"
                        },
                        "meta": {
                            "e2bfb730-ecaa-11e6-8f88-34363bc7c4c0": {
                                "create": 600000000000,
                                "delete": 600000000000
                            }
                        },
                        "tainted": false
                    },
                    "deposed": [],
                    "provider": "provider.openstack"
                },
                "openstack_networking_router_interface_v2.router1_interface_1": {
                    "type": "openstack_networking_router_interface_v2",
                    "depends_on": [
                        "openstack_networking_router_v2.router_1",
                        "openstack_networking_subnet_v2.subnet_1"
                    ],
                    "primary": {
                        "id": "f216cf37-24b0-4533-9ce2-a5892d75f050",
                        "attributes": {
                            "id": "f216cf37-24b0-4533-9ce2-a5892d75f050",
                            "port_id": "f216cf37-24b0-4533-9ce2-a5892d75f050",
                            "region": "",
                            "router_id": "33dfb79f-61dc-4b74-8fbf-c6f9d1dd8732",
                            "subnet_id": "6f79594f-0623-4eeb-96c5-7dc3bb784fcd"
                        },
                        "meta": {
                            "e2bfb730-ecaa-11e6-8f88-34363bc7c4c0": {
                                "create": 600000000000,
                                "delete": 600000000000
                            }
                        },
                        "tainted": false
                    },
                    "deposed": [],
                    "provider": "provider.openstack"
                },
                "openstack_networking_router_v2.router_1": {
                    "type": "openstack_networking_router_v2",
                    "depends_on": [],
                    "primary": {
                        "id": "33dfb79f-61dc-4b74-8fbf-c6f9d1dd8732",
                        "attributes": {
                            "admin_state_up": "true",
                            "availability_zone_hints.#": "0",
                            "distributed": "false",
                            "enable_snat": "true",
                            "external_fixed_ip.#": "1",
                            "external_fixed_ip.0.ip_address": "64.71.151.112",
                            "external_fixed_ip.0.subnet_id": "a040348c-94dd-4368-8469-0773bc2985ee",
                            "external_gateway": "4d43fe7b-664f-4fb0-874d-6d768c778c5d",
                            "external_network_id": "4d43fe7b-664f-4fb0-874d-6d768c778c5d",
                            "id": "33dfb79f-61dc-4b74-8fbf-c6f9d1dd8732",
                            "name": "test_target_network_router",
                            "region": "",
                            "tenant_id": "7282383c72a4467180130548b71d9b2b"
                        },
                        "meta": {
                            "e2bfb730-ecaa-11e6-8f88-34363bc7c4c0": {
                                "create": 600000000000,
                                "delete": 600000000000
                            }
                        },
                        "tainted": false
                    },
                    "deposed": [],
                    "provider": "provider.openstack"
                },
                "openstack_networking_subnet_v2.subnet_1": {
                    "type": "openstack_networking_subnet_v2",
                    "depends_on": [
                        "openstack_networking_network_v2.test_target_network"
                    ],
                    "primary": {
                        "id": "6f79594f-0623-4eeb-96c5-7dc3bb784fcd",
                        "attributes": {
                            "allocation_pools.#": "1",
                            "allocation_pools.0.end": "10.200.200.254",
                            "allocation_pools.0.start": "10.200.200.2",
                            "cidr": "10.200.200.0/24",
                            "dns_nameservers.#": "0",
                            "enable_dhcp": "true",
                            "gateway_ip": "10.200.200.1",
                            "host_routes.#": "0",
                            "id": "6f79594f-0623-4eeb-96c5-7dc3bb784fcd",
                            "ip_version": "4",
                            "ipv6_address_mode": "",
                            "ipv6_ra_mode": "",
                            "name": "test_subnet_1",
                            "network_id": "74daa4e8-8b13-457f-a4e4-f0930271753e",
                            "no_gateway": "false",
                            "region": "",
                            "subnetpool_id": "",
                            "tenant_id": "7282383c72a4467180130548b71d9b2b"
                        },
                        "meta": {
                            "e2bfb730-ecaa-11e6-8f88-34363bc7c4c0": {
                                "create": 600000000000,
                                "delete": 600000000000
                            }
                        },
                        "tainted": false
                    },
                    "deposed": [],
                    "provider": "provider.openstack"
                }
            },
            "depends_on": []
        }
    ]
}
