{
    "version": 3,
    "terraform_version": "0.11.3",
    "serial": 73,
    "lineage": "d952697e-677f-4d74-9b73-f970c25019e3",
    "modules": [
        {
            "path": [
                "root"
            ],
            "outputs": {
                "haproxy_fip": {
                    "sensitive": false,
                    "type": "string",
                    "value": "64.71.151.116"
                },
                "network_name": {
                    "sensitive": false,
                    "type": "string",
                    "value": "test_target_1"
                },
                "web1_address": {
                    "sensitive": false,
                    "type": "string",
                    "value": "10.200.200.5"
                },
                "web2_address": {
                    "sensitive": false,
                    "type": "string",
                    "value": "10.200.200.6"
                }
            },
            "resources": {
                "openstack_compute_floatingip_associate_v2.assoc-haproxy-01-fip": {
                    "type": "openstack_compute_floatingip_associate_v2",
                    "depends_on": [
                        "openstack_compute_instance_v2.haproxy-01",
                        "openstack_networking_floatingip_v2.haproxy-01-fip"
                    ],
                    "primary": {
                        "id": "64.71.151.116/615cb468-fbb2-4eb8-a917-2cd0253222e0/",
                        "attributes": {
                            "fixed_ip": "",
                            "floating_ip": "64.71.151.116",
                            "id": "64.71.151.116/615cb468-fbb2-4eb8-a917-2cd0253222e0/",
                            "instance_id": "615cb468-fbb2-4eb8-a917-2cd0253222e0",
                            "region": ""
                        },
                        "meta": {},
                        "tainted": false
                    },
                    "deposed": [],
                    "provider": "provider.openstack"
                },
                "openstack_compute_instance_v2.haproxy-01": {
                    "type": "openstack_compute_instance_v2",
                    "depends_on": [
                        "openstack_networking_network_v2.test_target_network"
                    ],
                    "primary": {
                        "id": "615cb468-fbb2-4eb8-a917-2cd0253222e0",
                        "attributes": {
                            "access_ip_v4": "10.200.200.4",
                            "access_ip_v6": "",
                            "all_metadata.%": "0",
                            "availability_zone": "Zone2",
                            "flavor_id": "c4c61d6d-0e7f-4b77-bca8-93555f910527",
                            "flavor_name": "small desktop for windows",
                            "force_delete": "false",
                            "id": "615cb468-fbb2-4eb8-a917-2cd0253222e0",
                            "image_id": "a21363f4-2cb5-4d02-85e5-8c392bd61eef",
                            "image_name": "Ubuntu 16.04",
                            "key_pair": "gsb-rbg-openstack-standard",
                            "name": "haproxy-01-test",
                            "network.#": "1",
                            "network.0.access_network": "false",
                            "network.0.fixed_ip_v4": "10.200.200.4",
                            "network.0.fixed_ip_v6": "",
                            "network.0.floating_ip": "",
                            "network.0.mac": "fa:16:3e:91:2a:2f",
                            "network.0.name": "test_target_1",
                            "network.0.port": "",
                            "network.0.uuid": "a0c076c1-2530-4ba8-bbcf-8287bf470eeb",
                            "region": "",
                            "security_groups.#": "1",
                            "security_groups.3814588639": "default",
                            "stop_before_destroy": "false",
                            "user_data": "03b8dc78071ca553196e7c0321a62088572ef0a1"
                        },
                        "meta": {
                            "e2bfb730-ecaa-11e6-8f88-34363bc7c4c0": {
                                "create": 1800000000000,
                                "delete": 1800000000000,
                                "update": 1800000000000
                            }
                        },
                        "tainted": false
                    },
                    "deposed": [],
                    "provider": "provider.openstack"
                },
                "openstack_compute_instance_v2.web-01": {
                    "type": "openstack_compute_instance_v2",
                    "depends_on": [
                        "openstack_networking_network_v2.test_target_network"
                    ],
                    "primary": {
                        "id": "099d04d5-848d-4e66-ab6f-b1176e10cd35",
                        "attributes": {
                            "access_ip_v4": "10.200.200.5",
                            "access_ip_v6": "",
                            "all_metadata.%": "0",
                            "availability_zone": "private",
                            "flavor_id": "417a03d7-df62-47c4-8905-9078813733b7",
                            "flavor_name": "m1.large",
                            "force_delete": "false",
                            "id": "099d04d5-848d-4e66-ab6f-b1176e10cd35",
                            "image_id": "a21363f4-2cb5-4d02-85e5-8c392bd61eef",
                            "image_name": "Ubuntu 16.04",
                            "key_pair": "gsb-rbg-openstack-standard",
                            "name": "web-01",
                            "network.#": "1",
                            "network.0.access_network": "false",
                            "network.0.fixed_ip_v4": "10.200.200.5",
                            "network.0.fixed_ip_v6": "",
                            "network.0.floating_ip": "",
                            "network.0.mac": "fa:16:3e:ad:55:d9",
                            "network.0.name": "test_target_1",
                            "network.0.port": "",
                            "network.0.uuid": "a0c076c1-2530-4ba8-bbcf-8287bf470eeb",
                            "region": "",
                            "security_groups.#": "1",
                            "security_groups.3814588639": "default",
                            "stop_before_destroy": "false",
                            "user_data": "913a3cc7a95c4050ed40d4972a9d45366a99d0f4"
                        },
                        "meta": {
                            "e2bfb730-ecaa-11e6-8f88-34363bc7c4c0": {
                                "create": 1800000000000,
                                "delete": 1800000000000,
                                "update": 1800000000000
                            }
                        },
                        "tainted": false
                    },
                    "deposed": [],
                    "provider": "provider.openstack"
                },
                "openstack_compute_instance_v2.web-02": {
                    "type": "openstack_compute_instance_v2",
                    "depends_on": [
                        "openstack_networking_network_v2.test_target_network"
                    ],
                    "primary": {
                        "id": "dea2796a-258d-4400-9f4a-2854dd965d92",
                        "attributes": {
                            "access_ip_v4": "10.200.200.6",
                            "access_ip_v6": "",
                            "all_metadata.%": "0",
                            "availability_zone": "private",
                            "flavor_id": "417a03d7-df62-47c4-8905-9078813733b7",
                            "flavor_name": "m1.large",
                            "force_delete": "false",
                            "id": "dea2796a-258d-4400-9f4a-2854dd965d92",
                            "image_id": "a21363f4-2cb5-4d02-85e5-8c392bd61eef",
                            "image_name": "Ubuntu 16.04",
                            "key_pair": "gsb-rbg-openstack-standard",
                            "name": "web-02",
                            "network.#": "1",
                            "network.0.access_network": "false",
                            "network.0.fixed_ip_v4": "10.200.200.6",
                            "network.0.fixed_ip_v6": "",
                            "network.0.floating_ip": "",
                            "network.0.mac": "fa:16:3e:45:4d:0f",
                            "network.0.name": "test_target_1",
                            "network.0.port": "",
                            "network.0.uuid": "a0c076c1-2530-4ba8-bbcf-8287bf470eeb",
                            "region": "",
                            "security_groups.#": "1",
                            "security_groups.3814588639": "default",
                            "stop_before_destroy": "false",
                            "user_data": "913a3cc7a95c4050ed40d4972a9d45366a99d0f4"
                        },
                        "meta": {
                            "e2bfb730-ecaa-11e6-8f88-34363bc7c4c0": {
                                "create": 1800000000000,
                                "delete": 1800000000000,
                                "update": 1800000000000
                            }
                        },
                        "tainted": false
                    },
                    "deposed": [],
                    "provider": "provider.openstack"
                },
                "openstack_networking_floatingip_v2.haproxy-01-fip": {
                    "type": "openstack_networking_floatingip_v2",
                    "depends_on": [],
                    "primary": {
                        "id": "b8ade07a-6e2d-4387-a27b-ce4b8ced9de6",
                        "attributes": {
                            "address": "64.71.151.116",
                            "fixed_ip": "",
                            "id": "b8ade07a-6e2d-4387-a27b-ce4b8ced9de6",
                            "pool": "public_network",
                            "port_id": "",
                            "region": "",
                            "tenant_id": "7282383c72a4467180130548b71d9b2b"
                        },
                        "meta": {
                            "e2bfb730-ecaa-11e6-8f88-34363bc7c4c0": {
                                "create": 600000000000,
                                "delete": 600000000000
                            }
                        },
                        "tainted": false
                    },
                    "deposed": [],
                    "provider": "provider.openstack"
                },
                "openstack_networking_network_v2.test_target_network": {
                    "type": "openstack_networking_network_v2",
                    "depends_on": [],
                    "primary": {
                        "id": "a0c076c1-2530-4ba8-bbcf-8287bf470eeb",
                        "attributes": {
                            "admin_state_up": "true",
                            "availability_zone_hints.#": "0",
                            "id": "a0c076c1-2530-4ba8-bbcf-8287bf470eeb",
                            "name": "test_target_1",
                            "region": "",
                            "shared": "false",
                            "tenant_id": "7282383c72a4467180130548b71d9b2b"
                        },
                        "meta": {
                            "e2bfb730-ecaa-11e6-8f88-34363bc7c4c0": {
                                "create": 600000000000,
                                "delete": 600000000000
                            }
                        },
                        "tainted": false
                    },
                    "deposed": [],
                    "provider": "provider.openstack"
                },
                "openstack_networking_router_interface_v2.router1_interface_1": {
                    "type": "openstack_networking_router_interface_v2",
                    "depends_on": [
                        "openstack_networking_router_v2.router_1",
                        "openstack_networking_subnet_v2.subnet_1"
                    ],
                    "primary": {
                        "id": "3b5afe3d-20aa-44b2-8bf9-35df85524c6f",
                        "attributes": {
                            "id": "3b5afe3d-20aa-44b2-8bf9-35df85524c6f",
                            "port_id": "3b5afe3d-20aa-44b2-8bf9-35df85524c6f",
                            "region": "",
                            "router_id": "c5df0cc6-897c-420f-8ed2-cbc0787faea7",
                            "subnet_id": "362f2645-cb6c-4b31-80a1-44f20624c18d"
                        },
                        "meta": {
                            "e2bfb730-ecaa-11e6-8f88-34363bc7c4c0": {
                                "create": 600000000000,
                                "delete": 600000000000
                            }
                        },
                        "tainted": false
                    },
                    "deposed": [],
                    "provider": "provider.openstack"
                },
                "openstack_networking_router_v2.router_1": {
                    "type": "openstack_networking_router_v2",
                    "depends_on": [],
                    "primary": {
                        "id": "c5df0cc6-897c-420f-8ed2-cbc0787faea7",
                        "attributes": {
                            "admin_state_up": "true",
                            "availability_zone_hints.#": "0",
                            "distributed": "false",
                            "enable_snat": "true",
                            "external_fixed_ip.#": "1",
                            "external_fixed_ip.0.ip_address": "64.71.151.115",
                            "external_fixed_ip.0.subnet_id": "a040348c-94dd-4368-8469-0773bc2985ee",
                            "external_gateway": "4d43fe7b-664f-4fb0-874d-6d768c778c5d",
                            "external_network_id": "4d43fe7b-664f-4fb0-874d-6d768c778c5d",
                            "id": "c5df0cc6-897c-420f-8ed2-cbc0787faea7",
                            "name": "test_target_network_router",
                            "region": "",
                            "tenant_id": "7282383c72a4467180130548b71d9b2b"
                        },
                        "meta": {
                            "e2bfb730-ecaa-11e6-8f88-34363bc7c4c0": {
                                "create": 600000000000,
                                "delete": 600000000000
                            }
                        },
                        "tainted": false
                    },
                    "deposed": [],
                    "provider": "provider.openstack"
                },
                "openstack_networking_subnet_v2.subnet_1": {
                    "type": "openstack_networking_subnet_v2",
                    "depends_on": [
                        "openstack_networking_network_v2.test_target_network"
                    ],
                    "primary": {
                        "id": "362f2645-cb6c-4b31-80a1-44f20624c18d",
                        "attributes": {
                            "allocation_pools.#": "1",
                            "allocation_pools.0.end": "10.200.200.254",
                            "allocation_pools.0.start": "10.200.200.2",
                            "cidr": "10.200.200.0/24",
                            "dns_nameservers.#": "0",
                            "enable_dhcp": "true",
                            "gateway_ip": "10.200.200.1",
                            "host_routes.#": "0",
                            "id": "362f2645-cb6c-4b31-80a1-44f20624c18d",
                            "ip_version": "4",
                            "ipv6_address_mode": "",
                            "ipv6_ra_mode": "",
                            "name": "test_subnet_1",
                            "network_id": "a0c076c1-2530-4ba8-bbcf-8287bf470eeb",
                            "no_gateway": "false",
                            "region": "",
                            "subnetpool_id": "",
                            "tenant_id": "7282383c72a4467180130548b71d9b2b"
                        },
                        "meta": {
                            "e2bfb730-ecaa-11e6-8f88-34363bc7c4c0": {
                                "create": 600000000000,
                                "delete": 600000000000
                            }
                        },
                        "tainted": false
                    },
                    "deposed": [],
                    "provider": "provider.openstack"
                }
            },
            "depends_on": []
        }
    ]
}
